<?xml version="1.0" encoding="utf-8"?>
<Project ToolsVersion="4.0" xmlns="http://schemas.microsoft.com/developer/msbuild/2003">
  <ItemGroup>
    <Filter Include="Source Files">
      <UniqueIdentifier>{4FC737F1-C7A5-4376-A066-2A32D752A2FF}</UniqueIdentifier>
      <Extensions>cpp;c;cc;cxx;c++;cppm;ixx;def;odl;idl;hpj;bat;asm;asmx</Extensions>
    </Filter>
    <Filter Include="Header Files">
      <UniqueIdentifier>{93995380-89BD-4b04-88EB-625FBE52EBFB}</UniqueIdentifier>
      <Extensions>h;hh;hpp;hxx;h++;hm;inl;inc;ipp;xsd</Extensions>
    </Filter>
    <Filter Include="Resource Files">
      <UniqueIdentifier>{67DA6AB6-F800-4c08-8B7A-83BB121AAD01}</UniqueIdentifier>
      <Extensions>rc;ico;cur;bmp;dlg;rc2;rct;bin;rgs;gif;jpg;jpeg;jpe;resx;tiff;tif;png;wav;mfcribbon-ms</Extensions>
    </Filter>
  </ItemGroup>
  <ItemGroup>
    <ClInclude Include="framework.h">
      <Filter>Header Files</Filter>
    </ClInclude>
    <ClInclude Include="pch.h">
      <Filter>Header Files</Filter>
    </ClInclude>
    <ClInclude Include="int_type_selection.h">
      <Filter>Header Files</Filter>
    </ClInclude>
    <ClInclude Include="int_wrapper.h">
      <Filter>Header Files</Filter>
    </ClInclude>
    <ClInclude Include="strong_type\is_strong_type.hpp">
      <Filter>Header Files</Filter>
    </ClInclude>
    <ClInclude Include="strong_type\st.hpp">
      <Filter>Header Files</Filter>
    </ClInclude>
    <ClInclude Include="strong_type\traits.hpp">
      <Filter>Header Files</Filter>
    </ClInclude>
    <ClInclude Include="strong_type\type.hpp">
      <Filter>Header Files</Filter>
    </ClInclude>
    <ClInclude Include="strong_type\unwrap.hpp">
      <Filter>Header Files</Filter>
    </ClInclude>
    <ClInclude Include="bits_needed_for_unsigned_int.h">
      <Filter>Header Files</Filter>
    </ClInclude>
    <ClInclude Include="type_static_assert_helper.h">
      <Filter>Header Files</Filter>
    </ClInclude>
    <ClInclude Include="delata_time_util.h">
      <Filter>Header Files</Filter>
    </ClInclude>
    <ClInclude Include="grid_function_helper.h">
      <Filter>Header Files</Filter>
    </ClInclude>
    <ClInclude Include="grid_utilities.h">
      <Filter>Header Files</Filter>
    </ClInclude>
    <ClInclude Include="shared_types.h">
      <Filter>Header Files</Filter>
    </ClInclude>
  </ItemGroup>
  <ItemGroup>
    <ClCompile Include="misc_utilities.cpp">
      <Filter>Source Files</Filter>
    </ClCompile>
    <ClCompile Include="pch.cpp">
      <Filter>Source Files</Filter>
    </ClCompile>
  </ItemGroup>
  <ItemGroup>
    <None Include="strong_type\LICENSE" />
  </ItemGroup>
</Project>